dependencies:
  espressif/esp-zboss-lib:
    component_hash: d862969a8276cf71e276061332d340a7b6c8bb29c4c2cf6f109c8ddd8d21c231
    dependencies:
    - name: idf
      require: private
      version: '>=5.0'
    source:
      registry_url: https://components.espressif.com/
      type: service
    version: 1.0.9
  espressif/esp-zigbee-lib:
    component_hash: 98f2d5907d80514d8722f3f5b751a18f95c977f26d5f8c6fb6642035952e5416
    dependencies:
    - name: idf
      require: private
      version: '>=5.0'
    source:
      registry_url: https://components.espressif.com/
      type: service
    version: 1.0.9
  idf:
    source:
      type: idf
    version: 5.5.2
direct_dependencies:
- espressif/esp-zboss-lib
- espressif/esp-zigbee-lib
- idf
manifest_hash: ed21eb33a3bd71dcaf799cfdb7abcc92f6e6a964832bdee1783eceed93b24ef4
target: esp32c6
version: 2.0.0
